
Microsoft Visual Studio Solution File, Format Version 12.00
# Visual Studio Version 17
VisualStudioVersion = 17.14.36301.6 d17.14
MinimumVisualStudioVersion = 10.0.40219.1
Project("{FAE04EC0-301F-11D3-BF4B-00C04F79EFBC}") = "BubllyChat", "BubllyChat\BubllyChat.csproj", "{552A53ED-75BF-4A87-90F6-9283FB8B443A}"
EndProject
Project("{FAE04EC0-301F-11D3-BF4B-00C04F79EFBC}") = "BubllyChatServer", "BubllyChatServer\BubllyChatServer.csproj", "{228B5634-BC26-4B43-88E8-04DC949D107A}"
EndProject
Global
	GlobalSection(SolutionConfigurationPlatforms) = preSolution
		Debug|Any CPU = Debug|Any CPU
		Release|Any CPU = Release|Any CPU
	EndGlobalSection
	GlobalSection(ProjectConfigurationPlatforms) = postSolution
		{552A53ED-75BF-4A87-90F6-9283FB8B443A}.Debug|Any CPU.ActiveCfg = Debug|Any CPU
		{552A53ED-75BF-4A87-90F6-9283FB8B443A}.Debug|Any CPU.Build.0 = Debug|Any CPU
		{552A53ED-75BF-4A87-90F6-9283FB8B443A}.Release|Any CPU.ActiveCfg = Release|Any CPU
		{552A53ED-75BF-4A87-90F6-9283FB8B443A}.Release|Any CPU.Build.0 = Release|Any CPU
		{228B5634-BC26-4B43-88E8-04DC949D107A}.Debug|Any CPU.ActiveCfg = Debug|Any CPU
		{228B5634-BC26-4B43-88E8-04DC949D107A}.Debug|Any CPU.Build.0 = Debug|Any CPU
		{228B5634-BC26-4B43-88E8-04DC949D107A}.Release|Any CPU.ActiveCfg = Release|Any CPU
		{228B5634-BC26-4B43-88E8-04DC949D107A}.Release|Any CPU.Build.0 = Release|Any CPU
	EndGlobalSection
	GlobalSection(SolutionProperties) = preSolution
		HideSolutionNode = FALSE
	EndGlobalSection
	GlobalSection(ExtensibilityGlobals) = postSolution
		SolutionGuid = {84851CF2-CAA3-45D0-B261-5C490BC0830B}
	EndGlobalSection
EndGlobal
